// !$*UTF8*$!
{
	archiveVersion = 1;
	classes = {
	};
	objectVersion = 46;
	objects = {

/* Begin PBXBuildFile section */
		770D29F31E96D6D0003BD3B2 /* AppDelegate.swift in Sources */ = {isa = PBXBuildFile; fileRef = 770D29F21E96D6D0003BD3B2 /* AppDelegate.swift */; };
		770D29F81E96D6D0003BD3B2 /* Main.storyboard in Resources */ = {isa = PBXBuildFile; fileRef = 770D29F61E96D6D0003BD3B2 /* Main.storyboard */; };
		770D29FA1E96D6D0003BD3B2 /* Assets.xcassets in Resources */ = {isa = PBXBuildFile; fileRef = 770D29F91E96D6D0003BD3B2 /* Assets.xcassets */; };
		770D29FD1E96D6D0003BD3B2 /* LaunchScreen.storyboard in Resources */ = {isa = PBXBuildFile; fileRef = 770D29FB1E96D6D0003BD3B2 /* LaunchScreen.storyboard */; };
		770D2A081E96DB28003BD3B2 /* DogViewController.swift in Sources */ = {isa = PBXBuildFile; fileRef = 770D2A071E96DB28003BD3B2 /* DogViewController.swift */; };
		770D2A0A1E96DB42003BD3B2 /* FavoriteDogsViewController.swift in Sources */ = {isa = PBXBuildFile; fileRef = 770D2A091E96DB42003BD3B2 /* FavoriteDogsViewController.swift */; };
		770D2A0E1E96DE35003BD3B2 /* Dog.swift in Sources */ = {isa = PBXBuildFile; fileRef = 770D2A0D1E96DE35003BD3B2 /* Dog.swift */; };
		770D2A101E96DFB4003BD3B2 /* ImageService.swift in Sources */ = {isa = PBXBuildFile; fileRef = 770D2A0F1E96DFB4003BD3B2 /* ImageService.swift */; };
		770D2A131E96FE4B003BD3B2 /* DogService.swift in Sources */ = {isa = PBXBuildFile; fileRef = 770D2A121E96FE4B003BD3B2 /* DogService.swift */; };
		770D2A151E98024E003BD3B2 /* SearchResult.swift in Sources */ = {isa = PBXBuildFile; fileRef = 770D2A141E98024E003BD3B2 /* SearchResult.swift */; };
		770D2A171E980683003BD3B2 /* SearchService.swift in Sources */ = {isa = PBXBuildFile; fileRef = 770D2A161E980683003BD3B2 /* SearchService.swift */; };
		770D2A1B1E981D26003BD3B2 /* SpeechBubbleView.swift in Sources */ = {isa = PBXBuildFile; fileRef = 770D2A1A1E981D26003BD3B2 /* SpeechBubbleView.swift */; };
		770D2A1D1E9833B5003BD3B2 /* GBActivityIndicator.swift in Sources */ = {isa = PBXBuildFile; fileRef = 770D2A1C1E9833B5003BD3B2 /* GBActivityIndicator.swift */; };
		770D2A201E9BF7D0003BD3B2 /* GBActivityIndicator.xib in Resources */ = {isa = PBXBuildFile; fileRef = 770D2A1F1E9BF7D0003BD3B2 /* GBActivityIndicator.xib */; };
		770D2A251E9C0E64003BD3B2 /* breeds.json in Resources */ = {isa = PBXBuildFile; fileRef = 770D2A241E9C0E64003BD3B2 /* breeds.json */; };
		DF0A6AC721943F737189D7BD /* Pods_GoodBoye.framework in Frameworks */ = {isa = PBXBuildFile; fileRef = B0285C881EAA83B499F5C4D8 /* Pods_GoodBoye.framework */; };
/* End PBXBuildFile section */

/* Begin PBXFileReference section */
		770D29EF1E96D6D0003BD3B2 /* GoodBoye.app */ = {isa = PBXFileReference; explicitFileType = wrapper.application; includeInIndex = 0; path = GoodBoye.app; sourceTree = BUILT_PRODUCTS_DIR; };
		770D29F21E96D6D0003BD3B2 /* AppDelegate.swift */ = {isa = PBXFileReference; lastKnownFileType = sourcecode.swift; path = AppDelegate.swift; sourceTree = "<group>"; };
		770D29F71E96D6D0003BD3B2 /* Base */ = {isa = PBXFileReference; lastKnownFileType = file.storyboard; name = Base; path = Base.lproj/Main.storyboard; sourceTree = "<group>"; };
		770D29F91E96D6D0003BD3B2 /* Assets.xcassets */ = {isa = PBXFileReference; lastKnownFileType = folder.assetcatalog; path = Assets.xcassets; sourceTree = "<group>"; };
		770D29FC1E96D6D0003BD3B2 /* Base */ = {isa = PBXFileReference; lastKnownFileType = file.storyboard; name = Base; path = Base.lproj/LaunchScreen.storyboard; sourceTree = "<group>"; };
		770D29FE1E96D6D0003BD3B2 /* Info.plist */ = {isa = PBXFileReference; lastKnownFileType = text.plist.xml; path = Info.plist; sourceTree = "<group>"; };
		770D2A071E96DB28003BD3B2 /* DogViewController.swift */ = {isa = PBXFileReference; fileEncoding = 4; lastKnownFileType = sourcecode.swift; path = DogViewController.swift; sourceTree = "<group>"; };
		770D2A091E96DB42003BD3B2 /* FavoriteDogsViewController.swift */ = {isa = PBXFileReference; fileEncoding = 4; lastKnownFileType = sourcecode.swift; path = FavoriteDogsViewController.swift; sourceTree = "<group>"; };
		770D2A0D1E96DE35003BD3B2 /* Dog.swift */ = {isa = PBXFileReference; fileEncoding = 4; lastKnownFileType = sourcecode.swift; path = Dog.swift; sourceTree = "<group>"; };
		770D2A0F1E96DFB4003BD3B2 /* ImageService.swift */ = {isa = PBXFileReference; fileEncoding = 4; lastKnownFileType = sourcecode.swift; path = ImageService.swift; sourceTree = "<group>"; };
		770D2A121E96FE4B003BD3B2 /* DogService.swift */ = {isa = PBXFileReference; fileEncoding = 4; lastKnownFileType = sourcecode.swift; path = DogService.swift; sourceTree = "<group>"; };
		770D2A141E98024E003BD3B2 /* SearchResult.swift */ = {isa = PBXFileReference; fileEncoding = 4; lastKnownFileType = sourcecode.swift; path = SearchResult.swift; sourceTree = "<group>"; };
		770D2A161E980683003BD3B2 /* SearchService.swift */ = {isa = PBXFileReference; fileEncoding = 4; lastKnownFileType = sourcecode.swift; path = SearchService.swift; sourceTree = "<group>"; };
		770D2A1A1E981D26003BD3B2 /* SpeechBubbleView.swift */ = {isa = PBXFileReference; fileEncoding = 4; lastKnownFileType = sourcecode.swift; path = SpeechBubbleView.swift; sourceTree = "<group>"; };
		770D2A1C1E9833B5003BD3B2 /* GBActivityIndicator.swift */ = {isa = PBXFileReference; fileEncoding = 4; lastKnownFileType = sourcecode.swift; path = GBActivityIndicator.swift; sourceTree = "<group>"; };
		770D2A1F1E9BF7D0003BD3B2 /* GBActivityIndicator.xib */ = {isa = PBXFileReference; fileEncoding = 4; lastKnownFileType = file.xib; path = GBActivityIndicator.xib; sourceTree = "<group>"; };
		770D2A241E9C0E64003BD3B2 /* breeds.json */ = {isa = PBXFileReference; fileEncoding = 4; lastKnownFileType = text.json; path = breeds.json; sourceTree = "<group>"; };
		98BD5A66507B4044BA3AF14E /* Pods-GoodBoye.debug.xcconfig */ = {isa = PBXFileReference; includeInIndex = 1; lastKnownFileType = text.xcconfig; name = "Pods-GoodBoye.debug.xcconfig"; path = "Pods/Target Support Files/Pods-GoodBoye/Pods-GoodBoye.debug.xcconfig"; sourceTree = "<group>"; };
		9E9CF1E2810139DA58F3E53F /* Pods-GoodBoye.release.xcconfig */ = {isa = PBXFileReference; includeInIndex = 1; lastKnownFileType = text.xcconfig; name = "Pods-GoodBoye.release.xcconfig"; path = "Pods/Target Support Files/Pods-GoodBoye/Pods-GoodBoye.release.xcconfig"; sourceTree = "<group>"; };
		B0285C881EAA83B499F5C4D8 /* Pods_GoodBoye.framework */ = {isa = PBXFileReference; explicitFileType = wrapper.framework; includeInIndex = 0; path = Pods_GoodBoye.framework; sourceTree = BUILT_PRODUCTS_DIR; };
/* End PBXFileReference section */

/* Begin PBXFrameworksBuildPhase section */
		770D29EC1E96D6D0003BD3B2 /* Frameworks */ = {
			isa = PBXFrameworksBuildPhase;
			buildActionMask = 2147483647;
			files = (
				DF0A6AC721943F737189D7BD /* Pods_GoodBoye.framework in Frameworks */,
			);
			runOnlyForDeploymentPostprocessing = 0;
		};
/* End PBXFrameworksBuildPhase section */

/* Begin PBXGroup section */
		14BA3A36F8301E5A0B8FDAE8 /* Pods */ = {
			isa = PBXGroup;
			children = (
				98BD5A66507B4044BA3AF14E /* Pods-GoodBoye.debug.xcconfig */,
				9E9CF1E2810139DA58F3E53F /* Pods-GoodBoye.release.xcconfig */,
			);
			name = Pods;
			sourceTree = "<group>";
		};
		770D29E61E96D6D0003BD3B2 = {
			isa = PBXGroup;
			children = (
				770D29F11E96D6D0003BD3B2 /* GoodBoye */,
				770D29F01E96D6D0003BD3B2 /* Products */,
				14BA3A36F8301E5A0B8FDAE8 /* Pods */,
				7B1ECB950C7334B6B6184480 /* Frameworks */,
			);
			sourceTree = "<group>";
		};
		770D29F01E96D6D0003BD3B2 /* Products */ = {
			isa = PBXGroup;
			children = (
				770D29EF1E96D6D0003BD3B2 /* GoodBoye.app */,
			);
			name = Products;
			sourceTree = "<group>";
		};
		770D29F11E96D6D0003BD3B2 /* GoodBoye */ = {
			isa = PBXGroup;
			children = (
				770D2A211E9C0036003BD3B2 /* Supporting Files */,
				770D2A061E96D806003BD3B2 /* Controllers */,
				770D2A051E96D801003BD3B2 /* Views */,
				770D2A041E96D7FC003BD3B2 /* Model */,
				770D29F21E96D6D0003BD3B2 /* AppDelegate.swift */,
				770D29F61E96D6D0003BD3B2 /* Main.storyboard */,
				770D29F91E96D6D0003BD3B2 /* Assets.xcassets */,
				770D29FB1E96D6D0003BD3B2 /* LaunchScreen.storyboard */,
				770D29FE1E96D6D0003BD3B2 /* Info.plist */,
			);
			path = GoodBoye;
			sourceTree = "<group>";
		};
		770D2A041E96D7FC003BD3B2 /* Model */ = {
			isa = PBXGroup;
			children = (
				770D2A0C1E96DE15003BD3B2 /* Data */,
				770D2A0B1E96DE0F003BD3B2 /* Services */,
			);
			name = Model;
			sourceTree = "<group>";
		};
		770D2A051E96D801003BD3B2 /* Views */ = {
			isa = PBXGroup;
			children = (
				770D2A1A1E981D26003BD3B2 /* SpeechBubbleView.swift */,
				770D2A1C1E9833B5003BD3B2 /* GBActivityIndicator.swift */,
				770D2A1F1E9BF7D0003BD3B2 /* GBActivityIndicator.xib */,
			);
			name = Views;
			sourceTree = "<group>";
		};
		770D2A061E96D806003BD3B2 /* Controllers */ = {
			isa = PBXGroup;
			children = (
				770D2A071E96DB28003BD3B2 /* DogViewController.swift */,
				770D2A091E96DB42003BD3B2 /* FavoriteDogsViewController.swift */,
			);
			name = Controllers;
			sourceTree = "<group>";
		};
		770D2A0B1E96DE0F003BD3B2 /* Services */ = {
			isa = PBXGroup;
			children = (
				770D2A0F1E96DFB4003BD3B2 /* ImageService.swift */,
				770D2A121E96FE4B003BD3B2 /* DogService.swift */,
				770D2A161E980683003BD3B2 /* SearchService.swift */,
			);
			name = Services;
			sourceTree = "<group>";
		};
		770D2A0C1E96DE15003BD3B2 /* Data */ = {
			isa = PBXGroup;
			children = (
				770D2A0D1E96DE35003BD3B2 /* Dog.swift */,
				770D2A141E98024E003BD3B2 /* SearchResult.swift */,
			);
			name = Data;
			sourceTree = "<group>";
		};
		770D2A211E9C0036003BD3B2 /* Supporting Files */ = {
			isa = PBXGroup;
			children = (
				770D2A241E9C0E64003BD3B2 /* breeds.json */,
			);
			name = "Supporting Files";
			sourceTree = "<group>";
		};
		7B1ECB950C7334B6B6184480 /* Frameworks */ = {
			isa = PBXGroup;
			children = (
				B0285C881EAA83B499F5C4D8 /* Pods_GoodBoye.framework */,
			);
			name = Frameworks;
			sourceTree = "<group>";
		};
/* End PBXGroup section */

/* Begin PBXNativeTarget section */
		770D29EE1E96D6D0003BD3B2 /* GoodBoye */ = {
			isa = PBXNativeTarget;
			buildConfigurationList = 770D2A011E96D6D0003BD3B2 /* Build configuration list for PBXNativeTarget "GoodBoye" */;
			buildPhases = (
				200D65264A6B6C034170B183 /* [CP] Check Pods Manifest.lock */,
				770D29EB1E96D6D0003BD3B2 /* Sources */,
				770D29EC1E96D6D0003BD3B2 /* Frameworks */,
				770D29ED1E96D6D0003BD3B2 /* Resources */,
				6ACE90CD41C94515EF37DDB6 /* [CP] Embed Pods Frameworks */,
				1596C3FCB86A4BB58772519C /* [CP] Copy Pods Resources */,
			);
			buildRules = (
			);
			dependencies = (
			);
			name = GoodBoye;
			productName = GoodBoye;
			productReference = 770D29EF1E96D6D0003BD3B2 /* GoodBoye.app */;
			productType = "com.apple.product-type.application";
		};
/* End PBXNativeTarget section */

/* Begin PBXProject section */
		770D29E71E96D6D0003BD3B2 /* Project object */ = {
			isa = PBXProject;
			attributes = {
				LastSwiftUpdateCheck = 0820;
				LastUpgradeCheck = 0820;
				ORGANIZATIONNAME = mmn;
				TargetAttributes = {
					770D29EE1E96D6D0003BD3B2 = {
						CreatedOnToolsVersion = 8.2.1;
						DevelopmentTeam = CLY266LCNG;
						ProvisioningStyle = Automatic;
					};
				};
			};
			buildConfigurationList = 770D29EA1E96D6D0003BD3B2 /* Build configuration list for PBXProject "GoodBoye" */;
			compatibilityVersion = "Xcode 3.2";
			developmentRegion = English;
			hasScannedForEncodings = 0;
			knownRegions = (
				en,
				Base,
			);
			mainGroup = 770D29E61E96D6D0003BD3B2;
			productRefGroup = 770D29F01E96D6D0003BD3B2 /* Products */;
			projectDirPath = "";
			projectRoot = "";
			targets = (
				770D29EE1E96D6D0003BD3B2 /* GoodBoye */,
			);
		};
/* End PBXProject section */

/* Begin PBXResourcesBuildPhase section */
		770D29ED1E96D6D0003BD3B2 /* Resources */ = {
			isa = PBXResourcesBuildPhase;
			buildActionMask = 2147483647;
			files = (
				770D29FD1E96D6D0003BD3B2 /* LaunchScreen.storyboard in Resources */,
				770D2A251E9C0E64003BD3B2 /* breeds.json in Resources */,
				770D29FA1E96D6D0003BD3B2 /* Assets.xcassets in Resources */,
				770D29F81E96D6D0003BD3B2 /* Main.storyboard in Resources */,
				770D2A201E9BF7D0003BD3B2 /* GBActivityIndicator.xib in Resources */,
			);
			runOnlyForDeploymentPostprocessing = 0;
		};
/* End PBXResourcesBuildPhase section */

/* Begin PBXShellScriptBuildPhase section */
		1596C3FCB86A4BB58772519C /* [CP] Copy Pods Resources */ = {
			isa = PBXShellScriptBuildPhase;
			buildActionMask = 2147483647;
			files = (
			);
			inputPaths = (
			);
			name = "[CP] Copy Pods Resources";
			outputPaths = (
			);
			runOnlyForDeploymentPostprocessing = 0;
			shellPath = /bin/sh;
			shellScript = "\"${SRCROOT}/Pods/Target Support Files/Pods-GoodBoye/Pods-GoodBoye-resources.sh\"\n";
			showEnvVarsInLog = 0;
		};
		200D65264A6B6C034170B183 /* [CP] Check Pods Manifest.lock */ = {
			isa = PBXShellScriptBuildPhase;
			buildActionMask = 2147483647;
			files = (
			);
			inputPaths = (
			);
			name = "[CP] Check Pods Manifest.lock";
			outputPaths = (
			);
			runOnlyForDeploymentPostprocessing = 0;
			shellPath = /bin/sh;
			shellScript = "diff \"${PODS_ROOT}/../Podfile.lock\" \"${PODS_ROOT}/Manifest.lock\" > /dev/null\nif [ $? != 0 ] ; then\n    # print error to STDERR\n    echo \"error: The sandbox is not in sync with the Podfile.lock. Run 'pod install' or update your CocoaPods installation.\" >&2\n    exit 1\nfi\n";
			showEnvVarsInLog = 0;
		};
		6ACE90CD41C94515EF37DDB6 /* [CP] Embed Pods Frameworks */ = {
			isa = PBXShellScriptBuildPhase;
			buildActionMask = 2147483647;
			files = (
			);
			inputPaths = (
			);
			name = "[CP] Embed Pods Frameworks";
			outputPaths = (
			);
			runOnlyForDeploymentPostprocessing = 0;
			shellPath = /bin/sh;
			shellScript = "\"${SRCROOT}/Pods/Target Support Files/Pods-GoodBoye/Pods-GoodBoye-frameworks.sh\"\n";
			showEnvVarsInLog = 0;
		};
/* End PBXShellScriptBuildPhase section */

/* Begin PBXSourcesBuildPhase section */
		770D29EB1E96D6D0003BD3B2 /* Sources */ = {
			isa = PBXSourcesBuildPhase;
			buildActionMask = 2147483647;
			files = (
				770D2A0A1E96DB42003BD3B2 /* FavoriteDogsViewController.swift in Sources */,
				770D2A1B1E981D26003BD3B2 /* SpeechBubbleView.swift in Sources */,
				770D2A151E98024E003BD3B2 /* SearchResult.swift in Sources */,
				770D2A1D1E9833B5003BD3B2 /* GBActivityIndicator.swift in Sources */,
				770D29F31E96D6D0003BD3B2 /* AppDelegate.swift in Sources */,
				770D2A131E96FE4B003BD3B2 /* DogService.swift in Sources */,
				770D2A0E1E96DE35003BD3B2 /* Dog.swift in Sources */,
				770D2A171E980683003BD3B2 /* SearchService.swift in Sources */,
				770D2A101E96DFB4003BD3B2 /* ImageService.swift in Sources */,
				770D2A081E96DB28003BD3B2 /* DogViewController.swift in Sources */,
			);
			runOnlyForDeploymentPostprocessing = 0;
		};
/* End PBXSourcesBuildPhase section */

/* Begin PBXVariantGroup section */
		770D29F61E96D6D0003BD3B2 /* Main.storyboard */ = {
			isa = PBXVariantGroup;
			children = (
				770D29F71E96D6D0003BD3B2 /* Base */,
			);
			name = Main.storyboard;
			sourceTree = "<group>";
		};
		770D29FB1E96D6D0003BD3B2 /* LaunchScreen.storyboard */ = {
			isa = PBXVariantGroup;
			children = (
				770D29FC1E96D6D0003BD3B2 /* Base */,
			);
			name = LaunchScreen.storyboard;
			sourceTree = "<group>";
		};
/* End PBXVariantGroup section */

/* Begin XCBuildConfiguration section */
		770D29FF1E96D6D0003BD3B2 /* Debug */ = {
			isa = XCBuildConfiguration;
			buildSettings = {
				ALWAYS_SEARCH_USER_PATHS = NO;
				CLANG_ANALYZER_NONNULL = YES;
				CLANG_CXX_LANGUAGE_STANDARD = "gnu++0x";
				CLANG_CXX_LIBRARY = "libc++";
				CLANG_ENABLE_MODULES = YES;
				CLANG_ENABLE_OBJC_ARC = YES;
				CLANG_WARN_BOOL_CONVERSION = YES;
				CLANG_WARN_CONSTANT_CONVERSION = YES;
				CLANG_WARN_DIRECT_OBJC_ISA_USAGE = YES_ERROR;
				CLANG_WARN_DOCUMENTATION_COMMENTS = YES;
				CLANG_WARN_EMPTY_BODY = YES;
				CLANG_WARN_ENUM_CONVERSION = YES;
				CLANG_WARN_INFINITE_RECURSION = YES;
				CLANG_WARN_INT_CONVERSION = YES;
				CLANG_WARN_OBJC_ROOT_CLASS = YES_ERROR;
				CLANG_WARN_SUSPICIOUS_MOVE = YES;
				CLANG_WARN_UNREACHABLE_CODE = YES;
				CLANG_WARN__DUPLICATE_METHOD_MATCH = YES;
				"CODE_SIGN_IDENTITY[sdk=iphoneos*]" = "iPhone Developer";
				COPY_PHASE_STRIP = NO;
				DEBUG_INFORMATION_FORMAT = dwarf;
				ENABLE_STRICT_OBJC_MSGSEND = YES;
				ENABLE_TESTABILITY = YES;
				GCC_C_LANGUAGE_STANDARD = gnu99;
				GCC_DYNAMIC_NO_PIC = NO;
				GCC_NO_COMMON_BLOCKS = YES;
				GCC_OPTIMIZATION_LEVEL = 0;
				GCC_PREPROCESSOR_DEFINITIONS = (
					"DEBUG=1",
					"$(inherited)",
				);
				GCC_WARN_64_TO_32_BIT_CONVERSION = YES;
				GCC_WARN_ABOUT_RETURN_TYPE = YES_ERROR;
				GCC_WARN_UNDECLARED_SELECTOR = YES;
				GCC_WARN_UNINITIALIZED_AUTOS = YES_AGGRESSIVE;
				GCC_WARN_UNUSED_FUNCTION = YES;
				GCC_WARN_UNUSED_VARIABLE = YES;
				IPHONEOS_DEPLOYMENT_TARGET = 10.2;
				MTL_ENABLE_DEBUG_INFO = YES;
				ONLY_ACTIVE_ARCH = YES;
				SDKROOT = iphoneos;
				SWIFT_ACTIVE_COMPILATION_CONDITIONS = DEBUG;
				SWIFT_OPTIMIZATION_LEVEL = "-Onone";
				TARGETED_DEVICE_FAMILY = "1,2";
			};
			name = Debug;
		};
		770D2A001E96D6D0003BD3B2 /* Release */ = {
			isa = XCBuildConfiguration;
			buildSettings = {
				ALWAYS_SEARCH_USER_PATHS = NO;
				CLANG_ANALYZER_NONNULL = YES;
				CLANG_CXX_LANGUAGE_STANDARD = "gnu++0x";
				CLANG_CXX_LIBRARY = "libc++";
				CLANG_ENABLE_MODULES = YES;
				CLANG_ENABLE_OBJC_ARC = YES;
				CLANG_WARN_BOOL_CONVERSION = YES;
				CLANG_WARN_CONSTANT_CONVERSION = YES;
				CLANG_WARN_DIRECT_OBJC_ISA_USAGE = YES_ERROR;
				CLANG_WARN_DOCUMENTATION_COMMENTS = YES;
				CLANG_WARN_EMPTY_BODY = YES;
				CLANG_WARN_ENUM_CONVERSION = YES;
				CLANG_WARN_INFINITE_RECURSION = YES;
				CLANG_WARN_INT_CONVERSION = YES;
				CLANG_WARN_OBJC_ROOT_CLASS = YES_ERROR;
				CLANG_WARN_SUSPICIOUS_MOVE = YES;
				CLANG_WARN_UNREACHABLE_CODE = YES;
				CLANG_WARN__DUPLICATE_METHOD_MATCH = YES;
				"CODE_SIGN_IDENTITY[sdk=iphoneos*]" = "iPhone Developer";
				COPY_PHASE_STRIP = NO;
				DEBUG_INFORMATION_FORMAT = "dwarf-with-dsym";
				ENABLE_NS_ASSERTIONS = NO;
				ENABLE_STRICT_OBJC_MSGSEND = YES;
				GCC_C_LANGUAGE_STANDARD = gnu99;
				GCC_NO_COMMON_BLOCKS = YES;
				GCC_WARN_64_TO_32_BIT_CONVERSION = YES;
				GCC_WARN_ABOUT_RETURN_TYPE = YES_ERROR;
				GCC_WARN_UNDECLARED_SELECTOR = YES;
				GCC_WARN_UNINITIALIZED_AUTOS = YES_AGGRESSIVE;
				GCC_WARN_UNUSED_FUNCTION = YES;
				GCC_WARN_UNUSED_VARIABLE = YES;
				IPHONEOS_DEPLOYMENT_TARGET = 10.2;
				MTL_ENABLE_DEBUG_INFO = NO;
				SDKROOT = iphoneos;
				SWIFT_OPTIMIZATION_LEVEL = "-Owholemodule";
				TARGETED_DEVICE_FAMILY = "1,2";
				VALIDATE_PRODUCT = YES;
			};
			name = Release;
		};
		770D2A021E96D6D0003BD3B2 /* Debug */ = {
			isa = XCBuildConfiguration;
			baseConfigurationReference = 98BD5A66507B4044BA3AF14E /* Pods-GoodBoye.debug.xcconfig */;
			buildSettings = {
				ASSETCATALOG_COMPILER_APPICON_NAME = AppIcon;
				DEVELOPMENT_TEAM = CLY266LCNG;
				INFOPLIST_FILE = GoodBoye/Info.plist;
				IPHONEOS_DEPLOYMENT_TARGET = 8.0;
				LD_RUNPATH_SEARCH_PATHS = "$(inherited) @executable_path/Frameworks";
				PRODUCT_BUNDLE_IDENTIFIER = com.mmn.GoodBoye;
				PRODUCT_NAME = "$(TARGET_NAME)";
				SWIFT_VERSION = 3.0;
			};
			name = Debug;
		};
		770D2A031E96D6D0003BD3B2 /* Release */ = {
			isa = XCBuildConfiguration;
			baseConfigurationReference = 9E9CF1E2810139DA58F3E53F /* Pods-GoodBoye.release.xcconfig */;
			buildSettings = {
				ASSETCATALOG_COMPILER_APPICON_NAME = AppIcon;
				DEVELOPMENT_TEAM = CLY266LCNG;
				INFOPLIST_FILE = GoodBoye/Info.plist;
				IPHONEOS_DEPLOYMENT_TARGET = 8.0;
				LD_RUNPATH_SEARCH_PATHS = "$(inherited) @executable_path/Frameworks";
				PRODUCT_BUNDLE_IDENTIFIER = com.mmn.GoodBoye;
				PRODUCT_NAME = "$(TARGET_NAME)";
				SWIFT_VERSION = 3.0;
			};
			name = Release;
		};
/* End XCBuildConfiguration section */

/* Begin XCConfigurationList section */
		770D29EA1E96D6D0003BD3B2 /* Build configuration list for PBXProject "GoodBoye" */ = {
			isa = XCConfigurationList;
			buildConfigurations = (
				770D29FF1E96D6D0003BD3B2 /* Debug */,
				770D2A001E96D6D0003BD3B2 /* Release */,
			);
			defaultConfigurationIsVisible = 0;
			defaultConfigurationName = Release;
		};
		770D2A011E96D6D0003BD3B2 /* Build configuration list for PBXNativeTarget "GoodBoye" */ = {
			isa = XCConfigurationList;
			buildConfigurations = (
				770D2A021E96D6D0003BD3B2 /* Debug */,
				770D2A031E96D6D0003BD3B2 /* Release */,
			);
			defaultConfigurationIsVisible = 0;
			defaultConfigurationName = Release;
		};
/* End XCConfigurationList section */
	};
	rootObject = 770D29E71E96D6D0003BD3B2 /* Project object */;
}
